
Microsoft Visual Studio Solution File, Format Version 12.00
# Visual Studio 15
VisualStudioVersion = 15.0.27130.2027
MinimumVisualStudioVersion = 10.0.40219.1
Project("{2150E333-8FDC-42A3-9474-1A3956D46DE8}") = ".nuget", ".nuget", "{B991739C-7393-43B6-9D26-4360B6A0412F}"
	ProjectSection(SolutionItems) = preProject
		.nuget\NuGet.Config = .nuget\NuGet.Config
		.nuget\NuGet.exe = .nuget\NuGet.exe
		.nuget\NuGet.targets = .nuget\NuGet.targets
	EndProjectSection
EndProject
Project("{FAE04EC0-301F-11D3-BF4B-00C04F79EFBC}") = "sensu-client.net", "sensu-client.net.csproj", "{4E2C3FE3-EC67-4C2B-9CF5-94EF6C9FFF6F}"
EndProject
Project("{930C7802-8A8C-48F9-8165-68863BCCD9DD}") = "Setup", "Setup\Setup.wixproj", "{D5FFED85-866A-476E-AA2B-32FCDC0D2567}"
	ProjectSection(ProjectDependencies) = postProject
		{D55CF05D-0C08-4077-AB4D-2D25DCB84366} = {D55CF05D-0C08-4077-AB4D-2D25DCB84366}
		{92B6F973-7A50-4A8F-9B89-E9E724231882} = {92B6F973-7A50-4A8F-9B89-E9E724231882}
		{CF8E858C-97FC-4E26-A42E-2C41ED93648B} = {CF8E858C-97FC-4E26-A42E-2C41ED93648B}
		{351A61BF-28A7-413F-B3DC-FA3ED68F0C66} = {351A61BF-28A7-413F-B3DC-FA3ED68F0C66}
		{FB188EDC-A15F-4D69-BF04-485844D10BA4} = {FB188EDC-A15F-4D69-BF04-485844D10BA4}
	EndProjectSection
EndProject
Project("{FAE04EC0-301F-11D3-BF4B-00C04F79EFBC}") = "PluginInterfaces", "PluginInterfaces\PluginInterfaces.csproj", "{0474B9FE-1B80-4F9B-902E-82D9DE6C2360}"
EndProject
Project("{FAE04EC0-301F-11D3-BF4B-00C04F79EFBC}") = "sensu-client.net-cpu", "Plugins\sensu-client.net-cpu\sensu-client.net-cpu.csproj", "{D55CF05D-0C08-4077-AB4D-2D25DCB84366}"
EndProject
Project("{FAE04EC0-301F-11D3-BF4B-00C04F79EFBC}") = "sensu-client.net-disk", "Plugins\sensu-client.net-disk\sensu-client.net-disk.csproj", "{351A61BF-28A7-413F-B3DC-FA3ED68F0C66}"
EndProject
Project("{FAE04EC0-301F-11D3-BF4B-00C04F79EFBC}") = "sensu-client.net-memory", "Plugins\sensu-client.net-memory\sensu-client.net-memory.csproj", "{CF8E858C-97FC-4E26-A42E-2C41ED93648B}"
EndProject
Project("{FAE04EC0-301F-11D3-BF4B-00C04F79EFBC}") = "sensu-client.net-mssql", "Plugins\sensu-client.net-mssql\sensu-client.net-mssql.csproj", "{FB188EDC-A15F-4D69-BF04-485844D10BA4}"
EndProject
Project("{FAE04EC0-301F-11D3-BF4B-00C04F79EFBC}") = "sensu-client.net-services", "Plugins\sensu-client.net-services\sensu-client.net-services.csproj", "{92B6F973-7A50-4A8F-9B89-E9E724231882}"
EndProject
Project("{FAE04EC0-301F-11D3-BF4B-00C04F79EFBC}") = "sensu-client.net-posh", "Plugins\sensu-client.net-posh\sensu-client.net-posh.csproj", "{36E53077-6539-44F2-AD76-0943E749B9CF}"
EndProject
Global
	GlobalSection(SolutionConfigurationPlatforms) = preSolution
		Debug|Any CPU = Debug|Any CPU
		Debug|Mixed Platforms = Debug|Mixed Platforms
		Debug|x86 = Debug|x86
		Release|Any CPU = Release|Any CPU
		Release|Mixed Platforms = Release|Mixed Platforms
		Release|x86 = Release|x86
	EndGlobalSection
	GlobalSection(ProjectConfigurationPlatforms) = postSolution
		{4E2C3FE3-EC67-4C2B-9CF5-94EF6C9FFF6F}.Debug|Any CPU.ActiveCfg = Debug|Any CPU
		{4E2C3FE3-EC67-4C2B-9CF5-94EF6C9FFF6F}.Debug|Any CPU.Build.0 = Debug|Any CPU
		{4E2C3FE3-EC67-4C2B-9CF5-94EF6C9FFF6F}.Debug|Mixed Platforms.ActiveCfg = Debug|Any CPU
		{4E2C3FE3-EC67-4C2B-9CF5-94EF6C9FFF6F}.Debug|Mixed Platforms.Build.0 = Debug|Any CPU
		{4E2C3FE3-EC67-4C2B-9CF5-94EF6C9FFF6F}.Debug|x86.ActiveCfg = Debug|Any CPU
		{4E2C3FE3-EC67-4C2B-9CF5-94EF6C9FFF6F}.Release|Any CPU.ActiveCfg = Release|Any CPU
		{4E2C3FE3-EC67-4C2B-9CF5-94EF6C9FFF6F}.Release|Any CPU.Build.0 = Release|Any CPU
		{4E2C3FE3-EC67-4C2B-9CF5-94EF6C9FFF6F}.Release|Mixed Platforms.ActiveCfg = Release|Any CPU
		{4E2C3FE3-EC67-4C2B-9CF5-94EF6C9FFF6F}.Release|Mixed Platforms.Build.0 = Release|Any CPU
		{4E2C3FE3-EC67-4C2B-9CF5-94EF6C9FFF6F}.Release|x86.ActiveCfg = Release|Any CPU
		{D5FFED85-866A-476E-AA2B-32FCDC0D2567}.Debug|Any CPU.ActiveCfg = Debug|x86
		{D5FFED85-866A-476E-AA2B-32FCDC0D2567}.Debug|Mixed Platforms.ActiveCfg = Debug|x86
		{D5FFED85-866A-476E-AA2B-32FCDC0D2567}.Debug|x86.ActiveCfg = Debug|x86
		{D5FFED85-866A-476E-AA2B-32FCDC0D2567}.Debug|x86.Build.0 = Debug|x86
		{D5FFED85-866A-476E-AA2B-32FCDC0D2567}.Release|Any CPU.ActiveCfg = Release|x86
		{D5FFED85-866A-476E-AA2B-32FCDC0D2567}.Release|Mixed Platforms.ActiveCfg = Release|x86
		{D5FFED85-866A-476E-AA2B-32FCDC0D2567}.Release|Mixed Platforms.Build.0 = Release|x86
		{D5FFED85-866A-476E-AA2B-32FCDC0D2567}.Release|x86.ActiveCfg = Release|x86
		{D5FFED85-866A-476E-AA2B-32FCDC0D2567}.Release|x86.Build.0 = Release|x86
		{0474B9FE-1B80-4F9B-902E-82D9DE6C2360}.Debug|Any CPU.ActiveCfg = Debug|Any CPU
		{0474B9FE-1B80-4F9B-902E-82D9DE6C2360}.Debug|Any CPU.Build.0 = Debug|Any CPU
		{0474B9FE-1B80-4F9B-902E-82D9DE6C2360}.Debug|Mixed Platforms.ActiveCfg = Debug|Any CPU
		{0474B9FE-1B80-4F9B-902E-82D9DE6C2360}.Debug|Mixed Platforms.Build.0 = Debug|Any CPU
		{0474B9FE-1B80-4F9B-902E-82D9DE6C2360}.Debug|x86.ActiveCfg = Debug|Any CPU
		{0474B9FE-1B80-4F9B-902E-82D9DE6C2360}.Debug|x86.Build.0 = Debug|Any CPU
		{0474B9FE-1B80-4F9B-902E-82D9DE6C2360}.Release|Any CPU.ActiveCfg = Release|Any CPU
		{0474B9FE-1B80-4F9B-902E-82D9DE6C2360}.Release|Any CPU.Build.0 = Release|Any CPU
		{0474B9FE-1B80-4F9B-902E-82D9DE6C2360}.Release|Mixed Platforms.ActiveCfg = Release|Any CPU
		{0474B9FE-1B80-4F9B-902E-82D9DE6C2360}.Release|Mixed Platforms.Build.0 = Release|Any CPU
		{0474B9FE-1B80-4F9B-902E-82D9DE6C2360}.Release|x86.ActiveCfg = Release|Any CPU
		{0474B9FE-1B80-4F9B-902E-82D9DE6C2360}.Release|x86.Build.0 = Release|Any CPU
		{D55CF05D-0C08-4077-AB4D-2D25DCB84366}.Debug|Any CPU.ActiveCfg = Debug|Any CPU
		{D55CF05D-0C08-4077-AB4D-2D25DCB84366}.Debug|Any CPU.Build.0 = Debug|Any CPU
		{D55CF05D-0C08-4077-AB4D-2D25DCB84366}.Debug|Mixed Platforms.ActiveCfg = Debug|Any CPU
		{D55CF05D-0C08-4077-AB4D-2D25DCB84366}.Debug|Mixed Platforms.Build.0 = Debug|Any CPU
		{D55CF05D-0C08-4077-AB4D-2D25DCB84366}.Debug|x86.ActiveCfg = Debug|Any CPU
		{D55CF05D-0C08-4077-AB4D-2D25DCB84366}.Debug|x86.Build.0 = Debug|Any CPU
		{D55CF05D-0C08-4077-AB4D-2D25DCB84366}.Release|Any CPU.ActiveCfg = Release|Any CPU
		{D55CF05D-0C08-4077-AB4D-2D25DCB84366}.Release|Any CPU.Build.0 = Release|Any CPU
		{D55CF05D-0C08-4077-AB4D-2D25DCB84366}.Release|Mixed Platforms.ActiveCfg = Release|Any CPU
		{D55CF05D-0C08-4077-AB4D-2D25DCB84366}.Release|Mixed Platforms.Build.0 = Release|Any CPU
		{D55CF05D-0C08-4077-AB4D-2D25DCB84366}.Release|x86.ActiveCfg = Release|Any CPU
		{D55CF05D-0C08-4077-AB4D-2D25DCB84366}.Release|x86.Build.0 = Release|Any CPU
		{351A61BF-28A7-413F-B3DC-FA3ED68F0C66}.Debug|Any CPU.ActiveCfg = Debug|Any CPU
		{351A61BF-28A7-413F-B3DC-FA3ED68F0C66}.Debug|Any CPU.Build.0 = Debug|Any CPU
		{351A61BF-28A7-413F-B3DC-FA3ED68F0C66}.Debug|Mixed Platforms.ActiveCfg = Debug|Any CPU
		{351A61BF-28A7-413F-B3DC-FA3ED68F0C66}.Debug|Mixed Platforms.Build.0 = Debug|Any CPU
		{351A61BF-28A7-413F-B3DC-FA3ED68F0C66}.Debug|x86.ActiveCfg = Debug|Any CPU
		{351A61BF-28A7-413F-B3DC-FA3ED68F0C66}.Debug|x86.Build.0 = Debug|Any CPU
		{351A61BF-28A7-413F-B3DC-FA3ED68F0C66}.Release|Any CPU.ActiveCfg = Release|Any CPU
		{351A61BF-28A7-413F-B3DC-FA3ED68F0C66}.Release|Any CPU.Build.0 = Release|Any CPU
		{351A61BF-28A7-413F-B3DC-FA3ED68F0C66}.Release|Mixed Platforms.ActiveCfg = Release|Any CPU
		{351A61BF-28A7-413F-B3DC-FA3ED68F0C66}.Release|Mixed Platforms.Build.0 = Release|Any CPU
		{351A61BF-28A7-413F-B3DC-FA3ED68F0C66}.Release|x86.ActiveCfg = Release|Any CPU
		{351A61BF-28A7-413F-B3DC-FA3ED68F0C66}.Release|x86.Build.0 = Release|Any CPU
		{CF8E858C-97FC-4E26-A42E-2C41ED93648B}.Debug|Any CPU.ActiveCfg = Debug|Any CPU
		{CF8E858C-97FC-4E26-A42E-2C41ED93648B}.Debug|Any CPU.Build.0 = Debug|Any CPU
		{CF8E858C-97FC-4E26-A42E-2C41ED93648B}.Debug|Mixed Platforms.ActiveCfg = Debug|Any CPU
		{CF8E858C-97FC-4E26-A42E-2C41ED93648B}.Debug|Mixed Platforms.Build.0 = Debug|Any CPU
		{CF8E858C-97FC-4E26-A42E-2C41ED93648B}.Debug|x86.ActiveCfg = Debug|Any CPU
		{CF8E858C-97FC-4E26-A42E-2C41ED93648B}.Debug|x86.Build.0 = Debug|Any CPU
		{CF8E858C-97FC-4E26-A42E-2C41ED93648B}.Release|Any CPU.ActiveCfg = Release|Any CPU
		{CF8E858C-97FC-4E26-A42E-2C41ED93648B}.Release|Any CPU.Build.0 = Release|Any CPU
		{CF8E858C-97FC-4E26-A42E-2C41ED93648B}.Release|Mixed Platforms.ActiveCfg = Release|Any CPU
		{CF8E858C-97FC-4E26-A42E-2C41ED93648B}.Release|Mixed Platforms.Build.0 = Release|Any CPU
		{CF8E858C-97FC-4E26-A42E-2C41ED93648B}.Release|x86.ActiveCfg = Release|Any CPU
		{CF8E858C-97FC-4E26-A42E-2C41ED93648B}.Release|x86.Build.0 = Release|Any CPU
		{FB188EDC-A15F-4D69-BF04-485844D10BA4}.Debug|Any CPU.ActiveCfg = Debug|Any CPU
		{FB188EDC-A15F-4D69-BF04-485844D10BA4}.Debug|Any CPU.Build.0 = Debug|Any CPU
		{FB188EDC-A15F-4D69-BF04-485844D10BA4}.Debug|Mixed Platforms.ActiveCfg = Debug|Any CPU
		{FB188EDC-A15F-4D69-BF04-485844D10BA4}.Debug|Mixed Platforms.Build.0 = Debug|Any CPU
		{FB188EDC-A15F-4D69-BF04-485844D10BA4}.Debug|x86.ActiveCfg = Debug|Any CPU
		{FB188EDC-A15F-4D69-BF04-485844D10BA4}.Debug|x86.Build.0 = Debug|Any CPU
		{FB188EDC-A15F-4D69-BF04-485844D10BA4}.Release|Any CPU.ActiveCfg = Release|Any CPU
		{FB188EDC-A15F-4D69-BF04-485844D10BA4}.Release|Any CPU.Build.0 = Release|Any CPU
		{FB188EDC-A15F-4D69-BF04-485844D10BA4}.Release|Mixed Platforms.ActiveCfg = Release|Any CPU
		{FB188EDC-A15F-4D69-BF04-485844D10BA4}.Release|Mixed Platforms.Build.0 = Release|Any CPU
		{FB188EDC-A15F-4D69-BF04-485844D10BA4}.Release|x86.ActiveCfg = Release|Any CPU
		{FB188EDC-A15F-4D69-BF04-485844D10BA4}.Release|x86.Build.0 = Release|Any CPU
		{92B6F973-7A50-4A8F-9B89-E9E724231882}.Debug|Any CPU.ActiveCfg = Debug|Any CPU
		{92B6F973-7A50-4A8F-9B89-E9E724231882}.Debug|Any CPU.Build.0 = Debug|Any CPU
		{92B6F973-7A50-4A8F-9B89-E9E724231882}.Debug|Mixed Platforms.ActiveCfg = Debug|Any CPU
		{92B6F973-7A50-4A8F-9B89-E9E724231882}.Debug|Mixed Platforms.Build.0 = Debug|Any CPU
		{92B6F973-7A50-4A8F-9B89-E9E724231882}.Debug|x86.ActiveCfg = Debug|Any CPU
		{92B6F973-7A50-4A8F-9B89-E9E724231882}.Debug|x86.Build.0 = Debug|Any CPU
		{92B6F973-7A50-4A8F-9B89-E9E724231882}.Release|Any CPU.ActiveCfg = Release|Any CPU
		{92B6F973-7A50-4A8F-9B89-E9E724231882}.Release|Any CPU.Build.0 = Release|Any CPU
		{92B6F973-7A50-4A8F-9B89-E9E724231882}.Release|Mixed Platforms.ActiveCfg = Release|Any CPU
		{92B6F973-7A50-4A8F-9B89-E9E724231882}.Release|Mixed Platforms.Build.0 = Release|Any CPU
		{92B6F973-7A50-4A8F-9B89-E9E724231882}.Release|x86.ActiveCfg = Release|Any CPU
		{92B6F973-7A50-4A8F-9B89-E9E724231882}.Release|x86.Build.0 = Release|Any CPU
		{36E53077-6539-44F2-AD76-0943E749B9CF}.Debug|Any CPU.ActiveCfg = Debug|Any CPU
		{36E53077-6539-44F2-AD76-0943E749B9CF}.Debug|Any CPU.Build.0 = Debug|Any CPU
		{36E53077-6539-44F2-AD76-0943E749B9CF}.Debug|Mixed Platforms.ActiveCfg = Debug|Any CPU
		{36E53077-6539-44F2-AD76-0943E749B9CF}.Debug|Mixed Platforms.Build.0 = Debug|Any CPU
		{36E53077-6539-44F2-AD76-0943E749B9CF}.Debug|x86.ActiveCfg = Debug|Any CPU
		{36E53077-6539-44F2-AD76-0943E749B9CF}.Debug|x86.Build.0 = Debug|Any CPU
		{36E53077-6539-44F2-AD76-0943E749B9CF}.Release|Any CPU.ActiveCfg = Release|Any CPU
		{36E53077-6539-44F2-AD76-0943E749B9CF}.Release|Any CPU.Build.0 = Release|Any CPU
		{36E53077-6539-44F2-AD76-0943E749B9CF}.Release|Mixed Platforms.ActiveCfg = Release|Any CPU
		{36E53077-6539-44F2-AD76-0943E749B9CF}.Release|Mixed Platforms.Build.0 = Release|Any CPU
		{36E53077-6539-44F2-AD76-0943E749B9CF}.Release|x86.ActiveCfg = Release|Any CPU
		{36E53077-6539-44F2-AD76-0943E749B9CF}.Release|x86.Build.0 = Release|Any CPU
	EndGlobalSection
	GlobalSection(SolutionProperties) = preSolution
		HideSolutionNode = FALSE
	EndGlobalSection
	GlobalSection(ExtensibilityGlobals) = postSolution
		SolutionGuid = {0EEE9813-0695-4917-8550-6FABBCCEDEA6}
	EndGlobalSection
EndGlobal
